
Microsoft Visual Studio Solution File, Format Version 12.00
# Visual Studio Version 16
VisualStudioVersion = 16.0.32510.428
MinimumVisualStudioVersion = 10.0.40219.1
Project("{F184B08F-C81C-45F6-A57F-5ABD9991F28F}") = "CloseAllAndReboot", "CloseAllAndReboot\CloseAllAndReboot.vbproj", "{2BFF1B20-83D6-4EDE-A8A5-BB3A53D9D3AA}"
EndProject
Global
	GlobalSection(SolutionConfigurationPlatforms) = preSolution
		Debug|Any CPU = Debug|Any CPU
		Release|Any CPU = Release|Any CPU
	EndGlobalSection
	GlobalSection(ProjectConfigurationPlatforms) = postSolution
		{2BFF1B20-83D6-4EDE-A8A5-BB3A53D9D3AA}.Debug|Any CPU.ActiveCfg = Debug|Any CPU
		{2BFF1B20-83D6-4EDE-A8A5-BB3A53D9D3AA}.Debug|Any CPU.Build.0 = Debug|Any CPU
		{2BFF1B20-83D6-4EDE-A8A5-BB3A53D9D3AA}.Release|Any CPU.ActiveCfg = Release|Any CPU
		{2BFF1B20-83D6-4EDE-A8A5-BB3A53D9D3AA}.Release|Any CPU.Build.0 = Release|Any CPU
	EndGlobalSection
	GlobalSection(SolutionProperties) = preSolution
		HideSolutionNode = FALSE
	EndGlobalSection
	GlobalSection(ExtensibilityGlobals) = postSolution
		SolutionGuid = {09381F73-7C5C-4233-9553-7766E07BA2F4}
	EndGlobalSection
EndGlobal
